// !$*UTF8*$!
{
	archiveVersion = 1;
	classes = {
	};
	objectVersion = 56;
	objects = {

/* Begin PBXBuildFile section */
		B538FDD62B060D0B00456877 /* CatalogueMeApp.swift in Sources */ = {isa = PBXBuildFile; fileRef = B538FDD52B060D0B00456877 /* CatalogueMeApp.swift */; };
		B538FDD82B060D0B00456877 /* ContentView.swift in Sources */ = {isa = PBXBuildFile; fileRef = B538FDD72B060D0B00456877 /* ContentView.swift */; };
		B538FDDA2B060D0D00456877 /* Assets.xcassets in Resources */ = {isa = PBXBuildFile; fileRef = B538FDD92B060D0D00456877 /* Assets.xcassets */; };
		B538FDDE2B060D0D00456877 /* Preview Assets.xcassets in Resources */ = {isa = PBXBuildFile; fileRef = B538FDDD2B060D0D00456877 /* Preview Assets.xcassets */; };
		B538FDE82B060D0D00456877 /* CatalogueMeTests.swift in Sources */ = {isa = PBXBuildFile; fileRef = B538FDE72B060D0D00456877 /* CatalogueMeTests.swift */; };
		B538FDF22B060D0D00456877 /* CatalogueMeUITests.swift in Sources */ = {isa = PBXBuildFile; fileRef = B538FDF12B060D0D00456877 /* CatalogueMeUITests.swift */; };
		B538FDF42B060D0D00456877 /* CatalogueMeUITestsLaunchTests.swift in Sources */ = {isa = PBXBuildFile; fileRef = B538FDF32B060D0D00456877 /* CatalogueMeUITestsLaunchTests.swift */; };
/* End PBXBuildFile section */

/* Begin PBXContainerItemProxy section */
		B538FDE42B060D0D00456877 /* PBXContainerItemProxy */ = {
			isa = PBXContainerItemProxy;
			containerPortal = B538FDCA2B060D0B00456877 /* Project object */;
			proxyType = 1;
			remoteGlobalIDString = B538FDD12B060D0B00456877;
			remoteInfo = CatalogueMe;
		};
		B538FDEE2B060D0D00456877 /* PBXContainerItemProxy */ = {
			isa = PBXContainerItemProxy;
			containerPortal = B538FDCA2B060D0B00456877 /* Project object */;
			proxyType = 1;
			remoteGlobalIDString = B538FDD12B060D0B00456877;
			remoteInfo = CatalogueMe;
		};
/* End PBXContainerItemProxy section */

/* Begin PBXFileReference section */
		B538FDD22B060D0B00456877 /* CatalogueMe.app */ = {isa = PBXFileReference; explicitFileType = wrapper.application; includeInIndex = 0; path = CatalogueMe.app; sourceTree = BUILT_PRODUCTS_DIR; };
		B538FDD52B060D0B00456877 /* CatalogueMeApp.swift */ = {isa = PBXFileReference; lastKnownFileType = sourcecode.swift; path = CatalogueMeApp.swift; sourceTree = "<group>"; };
		B538FDD72B060D0B00456877 /* ContentView.swift */ = {isa = PBXFileReference; lastKnownFileType = sourcecode.swift; path = ContentView.swift; sourceTree = "<group>"; };
		B538FDD92B060D0D00456877 /* Assets.xcassets */ = {isa = PBXFileReference; lastKnownFileType = folder.assetcatalog; path = Assets.xcassets; sourceTree = "<group>"; };
		B538FDDB2B060D0D00456877 /* CatalogueMe.entitlements */ = {isa = PBXFileReference; lastKnownFileType = text.plist.entitlements; path = CatalogueMe.entitlements; sourceTree = "<group>"; };
		B538FDDD2B060D0D00456877 /* Preview Assets.xcassets */ = {isa = PBXFileReference; lastKnownFileType = folder.assetcatalog; path = "Preview Assets.xcassets"; sourceTree = "<group>"; };
		B538FDE32B060D0D00456877 /* CatalogueMeTests.xctest */ = {isa = PBXFileReference; explicitFileType = wrapper.cfbundle; includeInIndex = 0; path = CatalogueMeTests.xctest; sourceTree = BUILT_PRODUCTS_DIR; };
		B538FDE72B060D0D00456877 /* CatalogueMeTests.swift */ = {isa = PBXFileReference; lastKnownFileType = sourcecode.swift; path = CatalogueMeTests.swift; sourceTree = "<group>"; };
		B538FDED2B060D0D00456877 /* CatalogueMeUITests.xctest */ = {isa = PBXFileReference; explicitFileType = wrapper.cfbundle; includeInIndex = 0; path = CatalogueMeUITests.xctest; sourceTree = BUILT_PRODUCTS_DIR; };
		B538FDF12B060D0D00456877 /* CatalogueMeUITests.swift */ = {isa = PBXFileReference; lastKnownFileType = sourcecode.swift; path = CatalogueMeUITests.swift; sourceTree = "<group>"; };
		B538FDF32B060D0D00456877 /* CatalogueMeUITestsLaunchTests.swift */ = {isa = PBXFileReference; lastKnownFileType = sourcecode.swift; path = CatalogueMeUITestsLaunchTests.swift; sourceTree = "<group>"; };
/* End PBXFileReference section */

/* Begin PBXFrameworksBuildPhase section */
		B538FDCF2B060D0B00456877 /* Frameworks */ = {
			isa = PBXFrameworksBuildPhase;
			buildActionMask = 2147483647;
			files = (
			);
			runOnlyForDeploymentPostprocessing = 0;
		};
		B538FDE02B060D0D00456877 /* Frameworks */ = {
			isa = PBXFrameworksBuildPhase;
			buildActionMask = 2147483647;
			files = (
			);
			runOnlyForDeploymentPostprocessing = 0;
		};
		B538FDEA2B060D0D00456877 /* Frameworks */ = {
			isa = PBXFrameworksBuildPhase;
			buildActionMask = 2147483647;
			files = (
			);
			runOnlyForDeploymentPostprocessing = 0;
		};
/* End PBXFrameworksBuildPhase section */

/* Begin PBXGroup section */
		B538FDC92B060D0B00456877 = {
			isa = PBXGroup;
			children = (
				B538FDD42B060D0B00456877 /* CatalogueMe */,
				B538FDE62B060D0D00456877 /* CatalogueMeTests */,
				B538FDF02B060D0D00456877 /* CatalogueMeUITests */,
				B538FDD32B060D0B00456877 /* Products */,
			);
			sourceTree = "<group>";
		};
		B538FDD32B060D0B00456877 /* Products */ = {
			isa = PBXGroup;
			children = (
				B538FDD22B060D0B00456877 /* CatalogueMe.app */,
				B538FDE32B060D0D00456877 /* CatalogueMeTests.xctest */,
				B538FDED2B060D0D00456877 /* CatalogueMeUITests.xctest */,
			);
			name = Products;
			sourceTree = "<group>";
		};
		B538FDD42B060D0B00456877 /* CatalogueMe */ = {
			isa = PBXGroup;
			children = (
				B538FDD52B060D0B00456877 /* CatalogueMeApp.swift */,
				B538FDD72B060D0B00456877 /* ContentView.swift */,
				B538FDD92B060D0D00456877 /* Assets.xcassets */,
				B538FDDB2B060D0D00456877 /* CatalogueMe.entitlements */,
				B538FDDC2B060D0D00456877 /* Preview Content */,
			);
			path = CatalogueMe;
			sourceTree = "<group>";
		};
		B538FDDC2B060D0D00456877 /* Preview Content */ = {
			isa = PBXGroup;
			children = (
				B538FDDD2B060D0D00456877 /* Preview Assets.xcassets */,
			);
			path = "Preview Content";
			sourceTree = "<group>";
		};
		B538FDE62B060D0D00456877 /* CatalogueMeTests */ = {
			isa = PBXGroup;
			children = (
				B538FDE72B060D0D00456877 /* CatalogueMeTests.swift */,
			);
			path = CatalogueMeTests;
			sourceTree = "<group>";
		};
		B538FDF02B060D0D00456877 /* CatalogueMeUITests */ = {
			isa = PBXGroup;
			children = (
				B538FDF12B060D0D00456877 /* CatalogueMeUITests.swift */,
				B538FDF32B060D0D00456877 /* CatalogueMeUITestsLaunchTests.swift */,
			);
			path = CatalogueMeUITests;
			sourceTree = "<group>";
		};
/* End PBXGroup section */

/* Begin PBXNativeTarget section */
		B538FDD12B060D0B00456877 /* CatalogueMe */ = {
			isa = PBXNativeTarget;
			buildConfigurationList = B538FDF72B060D0D00456877 /* Build configuration list for PBXNativeTarget "CatalogueMe" */;
			buildPhases = (
				B538FDCE2B060D0B00456877 /* Sources */,
				B538FDCF2B060D0B00456877 /* Frameworks */,
				B538FDD02B060D0B00456877 /* Resources */,
			);
			buildRules = (
			);
			dependencies = (
			);
			name = CatalogueMe;
			productName = CatalogueMe;
			productReference = B538FDD22B060D0B00456877 /* CatalogueMe.app */;
			productType = "com.apple.product-type.application";
		};
		B538FDE22B060D0D00456877 /* CatalogueMeTests */ = {
			isa = PBXNativeTarget;
			buildConfigurationList = B538FDFA2B060D0D00456877 /* Build configuration list for PBXNativeTarget "CatalogueMeTests" */;
			buildPhases = (
				B538FDDF2B060D0D00456877 /* Sources */,
				B538FDE02B060D0D00456877 /* Frameworks */,
				B538FDE12B060D0D00456877 /* Resources */,
			);
			buildRules = (
			);
			dependencies = (
				B538FDE52B060D0D00456877 /* PBXTargetDependency */,
			);
			name = CatalogueMeTests;
			productName = CatalogueMeTests;
			productReference = B538FDE32B060D0D00456877 /* CatalogueMeTests.xctest */;
			productType = "com.apple.product-type.bundle.unit-test";
		};
		B538FDEC2B060D0D00456877 /* CatalogueMeUITests */ = {
			isa = PBXNativeTarget;
			buildConfigurationList = B538FDFD2B060D0D00456877 /* Build configuration list for PBXNativeTarget "CatalogueMeUITests" */;
			buildPhases = (
				B538FDE92B060D0D00456877 /* Sources */,
				B538FDEA2B060D0D00456877 /* Frameworks */,
				B538FDEB2B060D0D00456877 /* Resources */,
			);
			buildRules = (
			);
			dependencies = (
				B538FDEF2B060D0D00456877 /* PBXTargetDependency */,
			);
			name = CatalogueMeUITests;
			productName = CatalogueMeUITests;
			productReference = B538FDED2B060D0D00456877 /* CatalogueMeUITests.xctest */;
			productType = "com.apple.product-type.bundle.ui-testing";
		};
/* End PBXNativeTarget section */

/* Begin PBXProject section */
		B538FDCA2B060D0B00456877 /* Project object */ = {
			isa = PBXProject;
			attributes = {
				BuildIndependentTargetsInParallel = 1;
				LastSwiftUpdateCheck = 1430;
				LastUpgradeCheck = 1430;
				TargetAttributes = {
					B538FDD12B060D0B00456877 = {
						CreatedOnToolsVersion = 14.3.1;
					};
					B538FDE22B060D0D00456877 = {
						CreatedOnToolsVersion = 14.3.1;
						TestTargetID = B538FDD12B060D0B00456877;
					};
					B538FDEC2B060D0D00456877 = {
						CreatedOnToolsVersion = 14.3.1;
						TestTargetID = B538FDD12B060D0B00456877;
					};
				};
			};
			buildConfigurationList = B538FDCD2B060D0B00456877 /* Build configuration list for PBXProject "CatalogueMe" */;
			compatibilityVersion = "Xcode 14.0";
			developmentRegion = en;
			hasScannedForEncodings = 0;
			knownRegions = (
				en,
				Base,
			);
			mainGroup = B538FDC92B060D0B00456877;
			productRefGroup = B538FDD32B060D0B00456877 /* Products */;
			projectDirPath = "";
			projectRoot = "";
			targets = (
				B538FDD12B060D0B00456877 /* CatalogueMe */,
				B538FDE22B060D0D00456877 /* CatalogueMeTests */,
				B538FDEC2B060D0D00456877 /* CatalogueMeUITests */,
			);
		};
/* End PBXProject section */

/* Begin PBXResourcesBuildPhase section */
		B538FDD02B060D0B00456877 /* Resources */ = {
			isa = PBXResourcesBuildPhase;
			buildActionMask = 2147483647;
			files = (
				B538FDDE2B060D0D00456877 /* Preview Assets.xcassets in Resources */,
				B538FDDA2B060D0D00456877 /* Assets.xcassets in Resources */,
			);
			runOnlyForDeploymentPostprocessing = 0;
		};
		B538FDE12B060D0D00456877 /* Resources */ = {
			isa = PBXResourcesBuildPhase;
			buildActionMask = 2147483647;
			files = (
			);
			runOnlyForDeploymentPostprocessing = 0;
		};
		B538FDEB2B060D0D00456877 /* Resources */ = {
			isa = PBXResourcesBuildPhase;
			buildActionMask = 2147483647;
			files = (
			);
			runOnlyForDeploymentPostprocessing = 0;
		};
/* End PBXResourcesBuildPhase section */

/* Begin PBXSourcesBuildPhase section */
		B538FDCE2B060D0B00456877 /* Sources */ = {
			isa = PBXSourcesBuildPhase;
			buildActionMask = 2147483647;
			files = (
				B538FDD82B060D0B00456877 /* ContentView.swift in Sources */,
				B538FDD62B060D0B00456877 /* CatalogueMeApp.swift in Sources */,
			);
			runOnlyForDeploymentPostprocessing = 0;
		};
		B538FDDF2B060D0D00456877 /* Sources */ = {
			isa = PBXSourcesBuildPhase;
			buildActionMask = 2147483647;
			files = (
				B538FDE82B060D0D00456877 /* CatalogueMeTests.swift in Sources */,
			);
			runOnlyForDeploymentPostprocessing = 0;
		};
		B538FDE92B060D0D00456877 /* Sources */ = {
			isa = PBXSourcesBuildPhase;
			buildActionMask = 2147483647;
			files = (
				B538FDF42B060D0D00456877 /* CatalogueMeUITestsLaunchTests.swift in Sources */,
				B538FDF22B060D0D00456877 /* CatalogueMeUITests.swift in Sources */,
			);
			runOnlyForDeploymentPostprocessing = 0;
		};
/* End PBXSourcesBuildPhase section */

/* Begin PBXTargetDependency section */
		B538FDE52B060D0D00456877 /* PBXTargetDependency */ = {
			isa = PBXTargetDependency;
			target = B538FDD12B060D0B00456877 /* CatalogueMe */;
			targetProxy = B538FDE42B060D0D00456877 /* PBXContainerItemProxy */;
		};
		B538FDEF2B060D0D00456877 /* PBXTargetDependency */ = {
			isa = PBXTargetDependency;
			target = B538FDD12B060D0B00456877 /* CatalogueMe */;
			targetProxy = B538FDEE2B060D0D00456877 /* PBXContainerItemProxy */;
		};
/* End PBXTargetDependency section */

/* Begin XCBuildConfiguration section */
		B538FDF52B060D0D00456877 /* Debug */ = {
			isa = XCBuildConfiguration;
			buildSettings = {
				ALWAYS_SEARCH_USER_PATHS = NO;
				CLANG_ANALYZER_NONNULL = YES;
				CLANG_ANALYZER_NUMBER_OBJECT_CONVERSION = YES_AGGRESSIVE;
				CLANG_CXX_LANGUAGE_STANDARD = "gnu++20";
				CLANG_ENABLE_MODULES = YES;
				CLANG_ENABLE_OBJC_ARC = YES;
				CLANG_ENABLE_OBJC_WEAK = YES;
				CLANG_WARN_BLOCK_CAPTURE_AUTORELEASING = YES;
				CLANG_WARN_BOOL_CONVERSION = YES;
				CLANG_WARN_COMMA = YES;
				CLANG_WARN_CONSTANT_CONVERSION = YES;
				CLANG_WARN_DEPRECATED_OBJC_IMPLEMENTATIONS = YES;
				CLANG_WARN_DIRECT_OBJC_ISA_USAGE = YES_ERROR;
				CLANG_WARN_DOCUMENTATION_COMMENTS = YES;
				CLANG_WARN_EMPTY_BODY = YES;
				CLANG_WARN_ENUM_CONVERSION = YES;
				CLANG_WARN_INFINITE_RECURSION = YES;
				CLANG_WARN_INT_CONVERSION = YES;
				CLANG_WARN_NON_LITERAL_NULL_CONVERSION = YES;
				CLANG_WARN_OBJC_IMPLICIT_RETAIN_SELF = YES;
				CLANG_WARN_OBJC_LITERAL_CONVERSION = YES;
				CLANG_WARN_OBJC_ROOT_CLASS = YES_ERROR;
				CLANG_WARN_QUOTED_INCLUDE_IN_FRAMEWORK_HEADER = YES;
				CLANG_WARN_RANGE_LOOP_ANALYSIS = YES;
				CLANG_WARN_STRICT_PROTOTYPES = YES;
				CLANG_WARN_SUSPICIOUS_MOVE = YES;
				CLANG_WARN_UNGUARDED_AVAILABILITY = YES_AGGRESSIVE;
				CLANG_WARN_UNREACHABLE_CODE = YES;
				CLANG_WARN__DUPLICATE_METHOD_MATCH = YES;
				COPY_PHASE_STRIP = NO;
				DEBUG_INFORMATION_FORMAT = dwarf;
				ENABLE_STRICT_OBJC_MSGSEND = YES;
				ENABLE_TESTABILITY = YES;
				GCC_C_LANGUAGE_STANDARD = gnu11;
				GCC_DYNAMIC_NO_PIC = NO;
				GCC_NO_COMMON_BLOCKS = YES;
				GCC_OPTIMIZATION_LEVEL = 0;
				GCC_PREPROCESSOR_DEFINITIONS = (
					"DEBUG=1",
					"$(inherited)",
				);
				GCC_WARN_64_TO_32_BIT_CONVERSION = YES;
				GCC_WARN_ABOUT_RETURN_TYPE = YES_ERROR;
				GCC_WARN_UNDECLARED_SELECTOR = YES;
				GCC_WARN_UNINITIALIZED_AUTOS = YES_AGGRESSIVE;
				GCC_WARN_UNUSED_FUNCTION = YES;
				GCC_WARN_UNUSED_VARIABLE = YES;
				MTL_ENABLE_DEBUG_INFO = INCLUDE_SOURCE;
				MTL_FAST_MATH = YES;
				ONLY_ACTIVE_ARCH = YES;
				SWIFT_ACTIVE_COMPILATION_CONDITIONS = DEBUG;
				SWIFT_OPTIMIZATION_LEVEL = "-Onone";
			};
			name = Debug;
		};
		B538FDF62B060D0D00456877 /* Release */ = {
			isa = XCBuildConfiguration;
			buildSettings = {
				ALWAYS_SEARCH_USER_PATHS = NO;
				CLANG_ANALYZER_NONNULL = YES;
				CLANG_ANALYZER_NUMBER_OBJECT_CONVERSION = YES_AGGRESSIVE;
				CLANG_CXX_LANGUAGE_STANDARD = "gnu++20";
				CLANG_ENABLE_MODULES = YES;
				CLANG_ENABLE_OBJC_ARC = YES;
				CLANG_ENABLE_OBJC_WEAK = YES;
				CLANG_WARN_BLOCK_CAPTURE_AUTORELEASING = YES;
				CLANG_WARN_BOOL_CONVERSION = YES;
				CLANG_WARN_COMMA = YES;
				CLANG_WARN_CONSTANT_CONVERSION = YES;
				CLANG_WARN_DEPRECATED_OBJC_IMPLEMENTATIONS = YES;
				CLANG_WARN_DIRECT_OBJC_ISA_USAGE = YES_ERROR;
				CLANG_WARN_DOCUMENTATION_COMMENTS = YES;
				CLANG_WARN_EMPTY_BODY = YES;
				CLANG_WARN_ENUM_CONVERSION = YES;
				CLANG_WARN_INFINITE_RECURSION = YES;
				CLANG_WARN_INT_CONVERSION = YES;
				CLANG_WARN_NON_LITERAL_NULL_CONVERSION = YES;
				CLANG_WARN_OBJC_IMPLICIT_RETAIN_SELF = YES;
				CLANG_WARN_OBJC_LITERAL_CONVERSION = YES;
				CLANG_WARN_OBJC_ROOT_CLASS = YES_ERROR;
				CLANG_WARN_QUOTED_INCLUDE_IN_FRAMEWORK_HEADER = YES;
				CLANG_WARN_RANGE_LOOP_ANALYSIS = YES;
				CLANG_WARN_STRICT_PROTOTYPES = YES;
				CLANG_WARN_SUSPICIOUS_MOVE = YES;
				CLANG_WARN_UNGUARDED_AVAILABILITY = YES_AGGRESSIVE;
				CLANG_WARN_UNREACHABLE_CODE = YES;
				CLANG_WARN__DUPLICATE_METHOD_MATCH = YES;
				COPY_PHASE_STRIP = NO;
				DEBUG_INFORMATION_FORMAT = "dwarf-with-dsym";
				ENABLE_NS_ASSERTIONS = NO;
				ENABLE_STRICT_OBJC_MSGSEND = YES;
				GCC_C_LANGUAGE_STANDARD = gnu11;
				GCC_NO_COMMON_BLOCKS = YES;
				GCC_WARN_64_TO_32_BIT_CONVERSION = YES;
				GCC_WARN_ABOUT_RETURN_TYPE = YES_ERROR;
				GCC_WARN_UNDECLARED_SELECTOR = YES;
				GCC_WARN_UNINITIALIZED_AUTOS = YES_AGGRESSIVE;
				GCC_WARN_UNUSED_FUNCTION = YES;
				GCC_WARN_UNUSED_VARIABLE = YES;
				MTL_ENABLE_DEBUG_INFO = NO;
				MTL_FAST_MATH = YES;
				SWIFT_COMPILATION_MODE = wholemodule;
				SWIFT_OPTIMIZATION_LEVEL = "-O";
			};
			name = Release;
		};
		B538FDF82B060D0D00456877 /* Debug */ = {
			isa = XCBuildConfiguration;
			buildSettings = {
				ASSETCATALOG_COMPILER_APPICON_NAME = AppIcon;
				ASSETCATALOG_COMPILER_GLOBAL_ACCENT_COLOR_NAME = AccentColor;
				CODE_SIGN_ENTITLEMENTS = CatalogueMe/CatalogueMe.entitlements;
				CODE_SIGN_STYLE = Automatic;
				CURRENT_PROJECT_VERSION = 1;
				DEVELOPMENT_ASSET_PATHS = "\"CatalogueMe/Preview Content\"";
				DEVELOPMENT_TEAM = Q8KFRAGT9K;
				ENABLE_HARDENED_RUNTIME = YES;
				ENABLE_PREVIEWS = YES;
				GENERATE_INFOPLIST_FILE = YES;
				"INFOPLIST_KEY_UIApplicationSceneManifest_Generation[sdk=iphoneos*]" = YES;
				"INFOPLIST_KEY_UIApplicationSceneManifest_Generation[sdk=iphonesimulator*]" = YES;
				"INFOPLIST_KEY_UIApplicationSupportsIndirectInputEvents[sdk=iphoneos*]" = YES;
				"INFOPLIST_KEY_UIApplicationSupportsIndirectInputEvents[sdk=iphonesimulator*]" = YES;
				"INFOPLIST_KEY_UILaunchScreen_Generation[sdk=iphoneos*]" = YES;
				"INFOPLIST_KEY_UILaunchScreen_Generation[sdk=iphonesimulator*]" = YES;
				"INFOPLIST_KEY_UIStatusBarStyle[sdk=iphoneos*]" = UIStatusBarStyleDefault;
				"INFOPLIST_KEY_UIStatusBarStyle[sdk=iphonesimulator*]" = UIStatusBarStyleDefault;
				INFOPLIST_KEY_UISupportedInterfaceOrientations_iPad = "UIInterfaceOrientationPortrait UIInterfaceOrientationPortraitUpsideDown UIInterfaceOrientationLandscapeLeft UIInterfaceOrientationLandscapeRight";
				INFOPLIST_KEY_UISupportedInterfaceOrientations_iPhone = "UIInterfaceOrientationPortrait UIInterfaceOrientationLandscapeLeft UIInterfaceOrientationLandscapeRight";
				IPHONEOS_DEPLOYMENT_TARGET = 16.4;
				LD_RUNPATH_SEARCH_PATHS = "@executable_path/Frameworks";
				"LD_RUNPATH_SEARCH_PATHS[sdk=macosx*]" = "@executable_path/../Frameworks";
				MACOSX_DEPLOYMENT_TARGET = 13.2;
				MARKETING_VERSION = 1.0;
				PRODUCT_BUNDLE_IDENTIFIER = com.rocketdestroyer.CatalogueMe;
				PRODUCT_NAME = "$(TARGET_NAME)";
				SDKROOT = auto;
				SUPPORTED_PLATFORMS = "iphoneos iphonesimulator macosx";
				SWIFT_EMIT_LOC_STRINGS = YES;
				SWIFT_VERSION = 5.0;
				TARGETED_DEVICE_FAMILY = "1,2";
			};
			name = Debug;
		};
		B538FDF92B060D0D00456877 /* Release */ = {
			isa = XCBuildConfiguration;
			buildSettings = {
				ASSETCATALOG_COMPILER_APPICON_NAME = AppIcon;
				ASSETCATALOG_COMPILER_GLOBAL_ACCENT_COLOR_NAME = AccentColor;
				CODE_SIGN_ENTITLEMENTS = CatalogueMe/CatalogueMe.entitlements;
				CODE_SIGN_STYLE = Automatic;
				CURRENT_PROJECT_VERSION = 1;
				DEVELOPMENT_ASSET_PATHS = "\"CatalogueMe/Preview Content\"";
				DEVELOPMENT_TEAM = Q8KFRAGT9K;
				ENABLE_HARDENED_RUNTIME = YES;
				ENABLE_PREVIEWS = YES;
				GENERATE_INFOPLIST_FILE = YES;
				"INFOPLIST_KEY_UIApplicationSceneManifest_Generation[sdk=iphoneos*]" = YES;
				"INFOPLIST_KEY_UIApplicationSceneManifest_Generation[sdk=iphonesimulator*]" = YES;
				"INFOPLIST_KEY_UIApplicationSupportsIndirectInputEvents[sdk=iphoneos*]" = YES;
				"INFOPLIST_KEY_UIApplicationSupportsIndirectInputEvents[sdk=iphonesimulator*]" = YES;
				"INFOPLIST_KEY_UILaunchScreen_Generation[sdk=iphoneos*]" = YES;
				"INFOPLIST_KEY_UILaunchScreen_Generation[sdk=iphonesimulator*]" = YES;
				"INFOPLIST_KEY_UIStatusBarStyle[sdk=iphoneos*]" = UIStatusBarStyleDefault;
				"INFOPLIST_KEY_UIStatusBarStyle[sdk=iphonesimulator*]" = UIStatusBarStyleDefault;
				INFOPLIST_KEY_UISupportedInterfaceOrientations_iPad = "UIInterfaceOrientationPortrait UIInterfaceOrientationPortraitUpsideDown UIInterfaceOrientationLandscapeLeft UIInterfaceOrientationLandscapeRight";
				INFOPLIST_KEY_UISupportedInterfaceOrientations_iPhone = "UIInterfaceOrientationPortrait UIInterfaceOrientationLandscapeLeft UIInterfaceOrientationLandscapeRight";
				IPHONEOS_DEPLOYMENT_TARGET = 16.4;
				LD_RUNPATH_SEARCH_PATHS = "@executable_path/Frameworks";
				"LD_RUNPATH_SEARCH_PATHS[sdk=macosx*]" = "@executable_path/../Frameworks";
				MACOSX_DEPLOYMENT_TARGET = 13.2;
				MARKETING_VERSION = 1.0;
				PRODUCT_BUNDLE_IDENTIFIER = com.rocketdestroyer.CatalogueMe;
				PRODUCT_NAME = "$(TARGET_NAME)";
				SDKROOT = auto;
				SUPPORTED_PLATFORMS = "iphoneos iphonesimulator macosx";
				SWIFT_EMIT_LOC_STRINGS = YES;
				SWIFT_VERSION = 5.0;
				TARGETED_DEVICE_FAMILY = "1,2";
			};
			name = Release;
		};
		B538FDFB2B060D0D00456877 /* Debug */ = {
			isa = XCBuildConfiguration;
			buildSettings = {
				ALWAYS_EMBED_SWIFT_STANDARD_LIBRARIES = YES;
				BUNDLE_LOADER = "$(TEST_HOST)";
				CODE_SIGN_STYLE = Automatic;
				CURRENT_PROJECT_VERSION = 1;
				DEVELOPMENT_TEAM = Q8KFRAGT9K;
				GENERATE_INFOPLIST_FILE = YES;
				IPHONEOS_DEPLOYMENT_TARGET = 16.4;
				MACOSX_DEPLOYMENT_TARGET = 13.2;
				MARKETING_VERSION = 1.0;
				PRODUCT_BUNDLE_IDENTIFIER = com.rocketdestroyer.CatalogueMeTests;
				PRODUCT_NAME = "$(TARGET_NAME)";
				SDKROOT = auto;
				SUPPORTED_PLATFORMS = "iphoneos iphonesimulator macosx";
				SWIFT_EMIT_LOC_STRINGS = NO;
				SWIFT_VERSION = 5.0;
				TARGETED_DEVICE_FAMILY = "1,2";
				TEST_HOST = "$(BUILT_PRODUCTS_DIR)/CatalogueMe.app/$(BUNDLE_EXECUTABLE_FOLDER_PATH)/CatalogueMe";
			};
			name = Debug;
		};
		B538FDFC2B060D0D00456877 /* Release */ = {
			isa = XCBuildConfiguration;
			buildSettings = {
				ALWAYS_EMBED_SWIFT_STANDARD_LIBRARIES = YES;
				BUNDLE_LOADER = "$(TEST_HOST)";
				CODE_SIGN_STYLE = Automatic;
				CURRENT_PROJECT_VERSION = 1;
				DEVELOPMENT_TEAM = Q8KFRAGT9K;
				GENERATE_INFOPLIST_FILE = YES;
				IPHONEOS_DEPLOYMENT_TARGET = 16.4;
				MACOSX_DEPLOYMENT_TARGET = 13.2;
				MARKETING_VERSION = 1.0;
				PRODUCT_BUNDLE_IDENTIFIER = com.rocketdestroyer.CatalogueMeTests;
				PRODUCT_NAME = "$(TARGET_NAME)";
				SDKROOT = auto;
				SUPPORTED_PLATFORMS = "iphoneos iphonesimulator macosx";
				SWIFT_EMIT_LOC_STRINGS = NO;
				SWIFT_VERSION = 5.0;
				TARGETED_DEVICE_FAMILY = "1,2";
				TEST_HOST = "$(BUILT_PRODUCTS_DIR)/CatalogueMe.app/$(BUNDLE_EXECUTABLE_FOLDER_PATH)/CatalogueMe";
			};
			name = Release;
		};
		B538FDFE2B060D0D00456877 /* Debug */ = {
			isa = XCBuildConfiguration;
			buildSettings = {
				ALWAYS_EMBED_SWIFT_STANDARD_LIBRARIES = YES;
				CODE_SIGN_STYLE = Automatic;
				CURRENT_PROJECT_VERSION = 1;
				DEVELOPMENT_TEAM = Q8KFRAGT9K;
				GENERATE_INFOPLIST_FILE = YES;
				IPHONEOS_DEPLOYMENT_TARGET = 16.4;
				MACOSX_DEPLOYMENT_TARGET = 13.2;
				MARKETING_VERSION = 1.0;
				PRODUCT_BUNDLE_IDENTIFIER = com.rocketdestroyer.CatalogueMeUITests;
				PRODUCT_NAME = "$(TARGET_NAME)";
				SDKROOT = auto;
				SUPPORTED_PLATFORMS = "iphoneos iphonesimulator macosx";
				SWIFT_EMIT_LOC_STRINGS = NO;
				SWIFT_VERSION = 5.0;
				TARGETED_DEVICE_FAMILY = "1,2";
				TEST_TARGET_NAME = CatalogueMe;
			};
			name = Debug;
		};
		B538FDFF2B060D0D00456877 /* Release */ = {
			isa = XCBuildConfiguration;
			buildSettings = {
				ALWAYS_EMBED_SWIFT_STANDARD_LIBRARIES = YES;
				CODE_SIGN_STYLE = Automatic;
				CURRENT_PROJECT_VERSION = 1;
				DEVELOPMENT_TEAM = Q8KFRAGT9K;
				GENERATE_INFOPLIST_FILE = YES;
				IPHONEOS_DEPLOYMENT_TARGET = 16.4;
				MACOSX_DEPLOYMENT_TARGET = 13.2;
				MARKETING_VERSION = 1.0;
				PRODUCT_BUNDLE_IDENTIFIER = com.rocketdestroyer.CatalogueMeUITests;
				PRODUCT_NAME = "$(TARGET_NAME)";
				SDKROOT = auto;
				SUPPORTED_PLATFORMS = "iphoneos iphonesimulator macosx";
				SWIFT_EMIT_LOC_STRINGS = NO;
				SWIFT_VERSION = 5.0;
				TARGETED_DEVICE_FAMILY = "1,2";
				TEST_TARGET_NAME = CatalogueMe;
			};
			name = Release;
		};
/* End XCBuildConfiguration section */

/* Begin XCConfigurationList section */
		B538FDCD2B060D0B00456877 /* Build configuration list for PBXProject "CatalogueMe" */ = {
			isa = XCConfigurationList;
			buildConfigurations = (
				B538FDF52B060D0D00456877 /* Debug */,
				B538FDF62B060D0D00456877 /* Release */,
			);
			defaultConfigurationIsVisible = 0;
			defaultConfigurationName = Release;
		};
		B538FDF72B060D0D00456877 /* Build configuration list for PBXNativeTarget "CatalogueMe" */ = {
			isa = XCConfigurationList;
			buildConfigurations = (
				B538FDF82B060D0D00456877 /* Debug */,
				B538FDF92B060D0D00456877 /* Release */,
			);
			defaultConfigurationIsVisible = 0;
			defaultConfigurationName = Release;
		};
		B538FDFA2B060D0D00456877 /* Build configuration list for PBXNativeTarget "CatalogueMeTests" */ = {
			isa = XCConfigurationList;
			buildConfigurations = (
				B538FDFB2B060D0D00456877 /* Debug */,
				B538FDFC2B060D0D00456877 /* Release */,
			);
			defaultConfigurationIsVisible = 0;
			defaultConfigurationName = Release;
		};
		B538FDFD2B060D0D00456877 /* Build configuration list for PBXNativeTarget "CatalogueMeUITests" */ = {
			isa = XCConfigurationList;
			buildConfigurations = (
				B538FDFE2B060D0D00456877 /* Debug */,
				B538FDFF2B060D0D00456877 /* Release */,
			);
			defaultConfigurationIsVisible = 0;
			defaultConfigurationName = Release;
		};
/* End XCConfigurationList section */
	};
	rootObject = B538FDCA2B060D0B00456877 /* Project object */;
}
